
Microsoft Visual Studio Solution File, Format Version 12.00
# Visual Studio Version 16
VisualStudioVersion = 16.0.32106.194
MinimumVisualStudioVersion = 10.0.40219.1
Project("{FAE04EC0-301F-11D3-BF4B-00C04F79EFBC}") = "HelloWorld", "HelloWorld\HelloWorld.csproj", "{EDF3C82A-5FB7-4E66-8149-15749138F75A}"
EndProject
Global
	GlobalSection(SolutionConfigurationPlatforms) = preSolution
		Debug|Any CPU = Debug|Any CPU
		Release|Any CPU = Release|Any CPU
	EndGlobalSection
	GlobalSection(ProjectConfigurationPlatforms) = postSolution
		{EDF3C82A-5FB7-4E66-8149-15749138F75A}.Debug|Any CPU.ActiveCfg = Debug|Any CPU
		{EDF3C82A-5FB7-4E66-8149-15749138F75A}.Debug|Any CPU.Build.0 = Debug|Any CPU
		{EDF3C82A-5FB7-4E66-8149-15749138F75A}.Release|Any CPU.ActiveCfg = Release|Any CPU
		{EDF3C82A-5FB7-4E66-8149-15749138F75A}.Release|Any CPU.Build.0 = Release|Any CPU
	EndGlobalSection
	GlobalSection(SolutionProperties) = preSolution
		HideSolutionNode = FALSE
	EndGlobalSection
	GlobalSection(ExtensibilityGlobals) = postSolution
		SolutionGuid = {A45488A0-5292-46AC-AA9F-400DEDBEA0A7}
	EndGlobalSection
EndGlobal
